{
  "nodes": {
    "nixpkgs": {
      "locked": {
        "lastModified": 1620372512,
        "narHash": "sha256-Y3VEQ9+2WYbhkuU4GpdOmpH2exDNEDprSOK3KwfrnmI=",
        "owner": "NixOS",
        "repo": "nixpkgs",
        "rev": "f24368660b732e94e5b36c6b8be98bcd637678f6",
        "type": "github"
      },
      "original": {
        "id": "nixpkgs",
        "type": "indirect"
      }
    },
    "root": {
      "inputs": {
        "nixpkgs": "nixpkgs"
      }
    }
  },
  "root": "root",
  "version": 7
}
